
Microsoft Visual Studio Solution File, Format Version 12.00
# Visual Studio Version 16
VisualStudioVersion = 16.0.29728.190
MinimumVisualStudioVersion = 10.0.40219.1
Project("{FAE04EC0-301F-11D3-BF4B-00C04F79EFBC}") = "ACCCServerApp.Winform", ".\ACCCServerApp.Winform\ACCCServerApp.Winform.csproj", "{0245EEFE-24B2-45B8-B899-D11D8F7E0B56}"
EndProject
Project("{9A19103F-16F7-4668-BE54-9A1E7A4F7556}") = "ACCCServerApp.Shard", ".\ACCCServerApp.Shard\ACCCServerApp.Shard.csproj", "{0B781E02-D82D-4B61-ABF6-6407CC68AC35}"
EndProject
Project("{9A19103F-16F7-4668-BE54-9A1E7A4F7556}") = "ACCCServerApp.Test", ".\ACCCServerApp.Test\ACCCServerApp.Test.csproj", "{9CBC66F2-2D25-4215-829D-AF236560A6FA}"
EndProject
Project("{9A19103F-16F7-4668-BE54-9A1E7A4F7556}") = "ACCCServerApp.Wpf", ".\ACCCServerApp.Wpf\ACCCServerApp.Wpf.csproj", "{09EBB9A2-D96C-4D29-9DE4-6DA14467305C}"
EndProject
Global
	GlobalSection(SolutionConfigurationPlatforms) = preSolution
		Debug|Any CPU = Debug|Any CPU
		Release|Any CPU = Release|Any CPU
	EndGlobalSection
	GlobalSection(ProjectConfigurationPlatforms) = postSolution
		{0245EEFE-24B2-45B8-B899-D11D8F7E0B56}.Debug|Any CPU.ActiveCfg = Debug|Any CPU
		{0245EEFE-24B2-45B8-B899-D11D8F7E0B56}.Debug|Any CPU.Build.0 = Debug|Any CPU
		{0245EEFE-24B2-45B8-B899-D11D8F7E0B56}.Release|Any CPU.ActiveCfg = Release|Any CPU
		{0245EEFE-24B2-45B8-B899-D11D8F7E0B56}.Release|Any CPU.Build.0 = Release|Any CPU
		{0B781E02-D82D-4B61-ABF6-6407CC68AC35}.Debug|Any CPU.ActiveCfg = Debug|Any CPU
		{0B781E02-D82D-4B61-ABF6-6407CC68AC35}.Debug|Any CPU.Build.0 = Debug|Any CPU
		{0B781E02-D82D-4B61-ABF6-6407CC68AC35}.Release|Any CPU.ActiveCfg = Release|Any CPU
		{0B781E02-D82D-4B61-ABF6-6407CC68AC35}.Release|Any CPU.Build.0 = Release|Any CPU
		{9CBC66F2-2D25-4215-829D-AF236560A6FA}.Debug|Any CPU.ActiveCfg = Debug|Any CPU
		{9CBC66F2-2D25-4215-829D-AF236560A6FA}.Debug|Any CPU.Build.0 = Debug|Any CPU
		{9CBC66F2-2D25-4215-829D-AF236560A6FA}.Release|Any CPU.ActiveCfg = Release|Any CPU
		{9CBC66F2-2D25-4215-829D-AF236560A6FA}.Release|Any CPU.Build.0 = Release|Any CPU
		{09EBB9A2-D96C-4D29-9DE4-6DA14467305C}.Debug|Any CPU.ActiveCfg = Debug|Any CPU
		{09EBB9A2-D96C-4D29-9DE4-6DA14467305C}.Debug|Any CPU.Build.0 = Debug|Any CPU
		{09EBB9A2-D96C-4D29-9DE4-6DA14467305C}.Release|Any CPU.ActiveCfg = Release|Any CPU
		{09EBB9A2-D96C-4D29-9DE4-6DA14467305C}.Release|Any CPU.Build.0 = Release|Any CPU
	EndGlobalSection
	GlobalSection(SolutionProperties) = preSolution
		HideSolutionNode = FALSE
	EndGlobalSection
	GlobalSection(ExtensibilityGlobals) = postSolution
		SolutionGuid = {ABC4308E-F721-47D1-95D9-E54ED895F198}
	EndGlobalSection
EndGlobal
